
Microsoft Visual Studio Solution File, Format Version 12.00
# Visual Studio Version 16
VisualStudioVersion = 16.0.810.25
MinimumVisualStudioVersion = 10.0.40219.1
Project("{FAE04EC0-301F-11D3-BF4B-00C04F79EFBC}") = "WAD.CWApp.10959", "WAD.CWApp.10959\WAD.CWApp.10959.csproj", "{89B98D2B-C421-40EF-B616-FD4D9105565B}"
EndProject
Global
	GlobalSection(SolutionConfigurationPlatforms) = preSolution
		Debug|Any CPU = Debug|Any CPU
		Release|Any CPU = Release|Any CPU
	EndGlobalSection
	GlobalSection(ProjectConfigurationPlatforms) = postSolution
		{89B98D2B-C421-40EF-B616-FD4D9105565B}.Debug|Any CPU.ActiveCfg = Debug|Any CPU
		{89B98D2B-C421-40EF-B616-FD4D9105565B}.Debug|Any CPU.Build.0 = Debug|Any CPU
		{89B98D2B-C421-40EF-B616-FD4D9105565B}.Release|Any CPU.ActiveCfg = Release|Any CPU
		{89B98D2B-C421-40EF-B616-FD4D9105565B}.Release|Any CPU.Build.0 = Release|Any CPU
	EndGlobalSection
	GlobalSection(SolutionProperties) = preSolution
		HideSolutionNode = FALSE
	EndGlobalSection
	GlobalSection(ExtensibilityGlobals) = postSolution
		SolutionGuid = {541A2BC3-A076-441B-AE8B-71E5F97C90FF}
	EndGlobalSection
EndGlobal
